
Microsoft Visual Studio Solution File, Format Version 12.00
# Visual Studio Version 16
VisualStudioVersion = 16.0.30523.141
MinimumVisualStudioVersion = 10.0.40219.1
Project("{9092AA53-FB77-4645-B42D-1CCCA6BD08BD}") = "NodejsWebApp", "NodejsWebApp\NodejsWebApp.njsproj", "{54C18353-4B3F-4CDF-AB3B-82795D956E4A}"
EndProject
Global
	GlobalSection(SolutionConfigurationPlatforms) = preSolution
		Debug|Any CPU = Debug|Any CPU
		Release|Any CPU = Release|Any CPU
	EndGlobalSection
	GlobalSection(ProjectConfigurationPlatforms) = postSolution
		{54C18353-4B3F-4CDF-AB3B-82795D956E4A}.Debug|Any CPU.ActiveCfg = Debug|Any CPU
		{54C18353-4B3F-4CDF-AB3B-82795D956E4A}.Debug|Any CPU.Build.0 = Debug|Any CPU
		{54C18353-4B3F-4CDF-AB3B-82795D956E4A}.Release|Any CPU.ActiveCfg = Release|Any CPU
		{54C18353-4B3F-4CDF-AB3B-82795D956E4A}.Release|Any CPU.Build.0 = Release|Any CPU
	EndGlobalSection
	GlobalSection(SolutionProperties) = preSolution
		HideSolutionNode = FALSE
	EndGlobalSection
	GlobalSection(ExtensibilityGlobals) = postSolution
		SolutionGuid = {B1554884-8564-4163-8D37-9BE4EEC45F29}
	EndGlobalSection
EndGlobal
